
Microsoft Visual Studio Solution File, Format Version 12.00
# Visual Studio 15
VisualStudioVersion = 15.0.26730.15
MinimumVisualStudioVersion = 10.0.40219.1
Project("{FAE04EC0-301F-11D3-BF4B-00C04F79EFBC}") = "SinglePageModel", "SinglePageModel\SinglePageModel.csproj", "{D4CD328C-30FE-4219-8B5A-A951E4D99B55}"
EndProject
Project("{FAE04EC0-301F-11D3-BF4B-00C04F79EFBC}") = "AutoLotDAL", "..\AutoLotDAL\AutoLotDAL\AutoLotDAL.csproj", "{CEF11E9F-DB59-4655-AD18-E69305F789D9}"
EndProject
Global
	GlobalSection(SolutionConfigurationPlatforms) = preSolution
		Debug|Any CPU = Debug|Any CPU
		Release|Any CPU = Release|Any CPU
	EndGlobalSection
	GlobalSection(ProjectConfigurationPlatforms) = postSolution
		{D4CD328C-30FE-4219-8B5A-A951E4D99B55}.Debug|Any CPU.ActiveCfg = Debug|Any CPU
		{D4CD328C-30FE-4219-8B5A-A951E4D99B55}.Debug|Any CPU.Build.0 = Debug|Any CPU
		{D4CD328C-30FE-4219-8B5A-A951E4D99B55}.Release|Any CPU.ActiveCfg = Release|Any CPU
		{D4CD328C-30FE-4219-8B5A-A951E4D99B55}.Release|Any CPU.Build.0 = Release|Any CPU
		{CEF11E9F-DB59-4655-AD18-E69305F789D9}.Debug|Any CPU.ActiveCfg = Debug|Any CPU
		{CEF11E9F-DB59-4655-AD18-E69305F789D9}.Debug|Any CPU.Build.0 = Debug|Any CPU
		{CEF11E9F-DB59-4655-AD18-E69305F789D9}.Release|Any CPU.ActiveCfg = Release|Any CPU
		{CEF11E9F-DB59-4655-AD18-E69305F789D9}.Release|Any CPU.Build.0 = Release|Any CPU
	EndGlobalSection
	GlobalSection(SolutionProperties) = preSolution
		HideSolutionNode = FALSE
	EndGlobalSection
	GlobalSection(ExtensibilityGlobals) = postSolution
		SolutionGuid = {C7CD1035-9154-4CC1-A2DB-EA4D942ABEA3}
	EndGlobalSection
EndGlobal
